{
  "name": "@appsweet-co/bones-css",
  "version": "0.2.1",
  "lockfileVersion": 2,
  "requires": true,
  "packages": {
    "": {
      "name": "@appsweet-co/bones-css",
      "version": "0.2.1",
      "license": "MIT",
      "devDependencies": {
        "@appsweet-co/spock-css": "^0.6.0"
      }
    },
    "node_modules/@appsweet-co/spock-css": {
      "version": "0.6.0",
      "resolved": "https://registry.npmjs.org/@appsweet-co/spock-css/-/spock-css-0.6.0.tgz",
      "integrity": "sha512-LqlCU2lB6w3kO2GZuXq9/NbnPz9wWkEfhIrn7ynprax4fdfYlWRaX8HT1rZPrgRLBmTZ6xC+EVmam1231drz7g==",
      "dev": true
    }
  },
  "dependencies": {
    "@appsweet-co/spock-css": {
      "version": "0.6.0",
      "resolved": "https://registry.npmjs.org/@appsweet-co/spock-css/-/spock-css-0.6.0.tgz",
      "integrity": "sha512-LqlCU2lB6w3kO2GZuXq9/NbnPz9wWkEfhIrn7ynprax4fdfYlWRaX8HT1rZPrgRLBmTZ6xC+EVmam1231drz7g==",
      "dev": true
    }
  }
}
